github.com/chfanghr/cleanuphandler v0.0.0-20190325060424-026771ff264a h1:3h8qLlvSAWrmm6R9/qnLSgGb9M4xBuQutg4+vGyU7Uk=
github.com/chfanghr/cleanuphandler v0.0.0-20190325060424-026771ff264a/go.mod h1:pX45OuIpscgShFLPnM5N+uNt+cI2LWCoFU2Em6LMqbU=
github.com/gorilla/websocket v1.4.0 h1:WDFjx/TMzVgy9VdMMQi2K2Emtwi2QcUQsztZ/zLaH/Q=
github.com/gorilla/websocket v1.4.0/go.mod h1:E7qHFY5m1UJ88s3WnNqhKjPHQ0heANvMoAMk2YaljkQ=
golang.org/x/sys v0.1.0 h1:kunALQeHf1/185U1i0GOB/fy1IPRDDpuoOOqRReG57U=
golang.org/x/sys v0.1.0/go.mod h1:oPkhp1MJrh7nUepCBck5+mAzfO9JrbApNNgaTdGDITg=
