github.com/chfanghr/cleanuphandler v0.0.0-20190325050243-5ab0f014367a h1:7j4fZ2q1eZpWQxAoYirJXDZLq3hf5YyX+yMMUSLk10o=
github.com/chfanghr/cleanuphandler v0.0.0-20190325050243-5ab0f014367a/go.mod h1:pX45OuIpscgShFLPnM5N+uNt+cI2LWCoFU2Em6LMqbU=
github.com/chfanghr/cleanuphandler v0.0.0-20190325060149-a52195d4eed2 h1:3oKsUj2wHrtkUmXjT9jG2+m4d3HB/2x2M2SL6th3Hko=
github.com/chfanghr/cleanuphandler v0.0.0-20190325060149-a52195d4eed2/go.mod h1:pX45OuIpscgShFLPnM5N+uNt+cI2LWCoFU2Em6LMqbU=
github.com/chfanghr/cleanuphandler v0.0.0-20190325060424-026771ff264a h1:3h8qLlvSAWrmm6R9/qnLSgGb9M4xBuQutg4+vGyU7Uk=
github.com/chfanghr/cleanuphandler v0.0.0-20190325060424-026771ff264a/go.mod h1:pX45OuIpscgShFLPnM5N+uNt+cI2LWCoFU2Em6LMqbU=
golang.org/x/sys v0.0.0-20190318195719-6c81ef8f67ca h1:o2TLx1bGN3W+Ei0EMU5fShLupLmTOU95KvJJmfYhAzM=
golang.org/x/sys v0.0.0-20190318195719-6c81ef8f67ca/go.mod h1:h1NjWce9XRLGQEsW7wpKNCjG9DtNlClVuFLEZdDNbEs=
golang.org/x/sys v0.0.0-20190322080309-f49334f85ddc h1:4gbWbmmPFp4ySWICouJl6emP0MyS31yy9SrTlAGFT+g=
golang.org/x/sys v0.0.0-20190322080309-f49334f85ddc/go.mod h1:h1NjWce9XRLGQEsW7wpKNCjG9DtNlClVuFLEZdDNbEs=
